// !$*UTF8*$!
{
	archiveVersion = 1;
	classes = {
	};
	objectVersion = 46;
	objects = {

/* Begin PBXBuildFile section */
		F5D8C2481C22058100250FAE /* AppDelegate.swift in Sources */ = {isa = PBXBuildFile; fileRef = F5D8C2471C22058100250FAE /* AppDelegate.swift */; };
		F5D8C24A1C22058100250FAE /* ViewController.swift in Sources */ = {isa = PBXBuildFile; fileRef = F5D8C2491C22058100250FAE /* ViewController.swift */; };
		F5D8C24D1C22058100250FAE /* Main.storyboard in Resources */ = {isa = PBXBuildFile; fileRef = F5D8C24B1C22058100250FAE /* Main.storyboard */; };
		F5D8C24F1C22058100250FAE /* Assets.xcassets in Resources */ = {isa = PBXBuildFile; fileRef = F5D8C24E1C22058100250FAE /* Assets.xcassets */; };
		F5D8C2521C22058100250FAE /* LaunchScreen.storyboard in Resources */ = {isa = PBXBuildFile; fileRef = F5D8C2501C22058100250FAE /* LaunchScreen.storyboard */; };
/* End PBXBuildFile section */

/* Begin PBXFileReference section */
		F5D8C2441C22058100250FAE /* TIPPY.app */ = {isa = PBXFileReference; explicitFileType = wrapper.application; includeInIndex = 0; path = TIPPY.app; sourceTree = BUILT_PRODUCTS_DIR; };
		F5D8C2471C22058100250FAE /* AppDelegate.swift */ = {isa = PBXFileReference; lastKnownFileType = sourcecode.swift; path = AppDelegate.swift; sourceTree = "<group>"; };
		F5D8C2491C22058100250FAE /* ViewController.swift */ = {isa = PBXFileReference; lastKnownFileType = sourcecode.swift; path = ViewController.swift; sourceTree = "<group>"; };
		F5D8C24C1C22058100250FAE /* Base */ = {isa = PBXFileReference; lastKnownFileType = file.storyboard; name = Base; path = Base.lproj/Main.storyboard; sourceTree = "<group>"; };
		F5D8C24E1C22058100250FAE /* Assets.xcassets */ = {isa = PBXFileReference; lastKnownFileType = folder.assetcatalog; path = Assets.xcassets; sourceTree = "<group>"; };
		F5D8C2511C22058100250FAE /* Base */ = {isa = PBXFileReference; lastKnownFileType = file.storyboard; name = Base; path = Base.lproj/LaunchScreen.storyboard; sourceTree = "<group>"; };
		F5D8C2531C22058100250FAE /* Info.plist */ = {isa = PBXFileReference; lastKnownFileType = text.plist.xml; path = Info.plist; sourceTree = "<group>"; };
/* End PBXFileReference section */

/* Begin PBXFrameworksBuildPhase section */
		F5D8C2411C22058100250FAE /* Frameworks */ = {
			isa = PBXFrameworksBuildPhase;
			buildActionMask = 2147483647;
			files = (
			);
			runOnlyForDeploymentPostprocessing = 0;
		};
/* End PBXFrameworksBuildPhase section */

/* Begin PBXGroup section */
		F5D8C23B1C22058100250FAE = {
			isa = PBXGroup;
			children = (
				F5D8C2461C22058100250FAE /* TIPPY */,
				F5D8C2451C22058100250FAE /* Products */,
			);
			sourceTree = "<group>";
		};
		F5D8C2451C22058100250FAE /* Products */ = {
			isa = PBXGroup;
			children = (
				F5D8C2441C22058100250FAE /* TIPPY.app */,
			);
			name = Products;
			sourceTree = "<group>";
		};
		F5D8C2461C22058100250FAE /* TIPPY */ = {
			isa = PBXGroup;
			children = (
				F5D8C2471C22058100250FAE /* AppDelegate.swift */,
				F5D8C2491C22058100250FAE /* ViewController.swift */,
				F5D8C24B1C22058100250FAE /* Main.storyboard */,
				F5D8C24E1C22058100250FAE /* Assets.xcassets */,
				F5D8C2501C22058100250FAE /* LaunchScreen.storyboard */,
				F5D8C2531C22058100250FAE /* Info.plist */,
			);
			path = TIPPY;
			sourceTree = "<group>";
		};
/* End PBXGroup section */

/* Begin PBXNativeTarget section */
		F5D8C2431C22058100250FAE /* TIPPY */ = {
			isa = PBXNativeTarget;
			buildConfigurationList = F5D8C2561C22058100250FAE /* Build configuration list for PBXNativeTarget "TIPPY" */;
			buildPhases = (
				F5D8C2401C22058100250FAE /* Sources */,
				F5D8C2411C22058100250FAE /* Frameworks */,
				F5D8C2421C22058100250FAE /* Resources */,
			);
			buildRules = (
			);
			dependencies = (
			);
			name = TIPPY;
			productName = TIPPY;
			productReference = F5D8C2441C22058100250FAE /* TIPPY.app */;
			productType = "com.apple.product-type.application";
		};
/* End PBXNativeTarget section */

/* Begin PBXProject section */
		F5D8C23C1C22058100250FAE /* Project object */ = {
			isa = PBXProject;
			attributes = {
				LastSwiftUpdateCheck = 0710;
				LastUpgradeCheck = 0710;
				ORGANIZATIONNAME = "Mitali Avadhani";
				TargetAttributes = {
					F5D8C2431C22058100250FAE = {
						CreatedOnToolsVersion = 7.1.1;
						DevelopmentTeam = 9AXMC8FF7Z;
					};
				};
			};
			buildConfigurationList = F5D8C23F1C22058100250FAE /* Build configuration list for PBXProject "TIPPY" */;
			compatibilityVersion = "Xcode 3.2";
			developmentRegion = English;
			hasScannedForEncodings = 0;
			knownRegions = (
				en,
				Base,
			);
			mainGroup = F5D8C23B1C22058100250FAE;
			productRefGroup = F5D8C2451C22058100250FAE /* Products */;
			projectDirPath = "";
			projectRoot = "";
			targets = (
				F5D8C2431C22058100250FAE /* TIPPY */,
			);
		};
/* End PBXProject section */

/* Begin PBXResourcesBuildPhase section */
		F5D8C2421C22058100250FAE /* Resources */ = {
			isa = PBXResourcesBuildPhase;
			buildActionMask = 2147483647;
			files = (
				F5D8C2521C22058100250FAE /* LaunchScreen.storyboard in Resources */,
				F5D8C24F1C22058100250FAE /* Assets.xcassets in Resources */,
				F5D8C24D1C22058100250FAE /* Main.storyboard in Resources */,
			);
			runOnlyForDeploymentPostprocessing = 0;
		};
/* End PBXResourcesBuildPhase section */

/* Begin PBXSourcesBuildPhase section */
		F5D8C2401C22058100250FAE /* Sources */ = {
			isa = PBXSourcesBuildPhase;
			buildActionMask = 2147483647;
			files = (
				F5D8C24A1C22058100250FAE /* ViewController.swift in Sources */,
				F5D8C2481C22058100250FAE /* AppDelegate.swift in Sources */,
			);
			runOnlyForDeploymentPostprocessing = 0;
		};
/* End PBXSourcesBuildPhase section */

/* Begin PBXVariantGroup section */
		F5D8C24B1C22058100250FAE /* Main.storyboard */ = {
			isa = PBXVariantGroup;
			children = (
				F5D8C24C1C22058100250FAE /* Base */,
			);
			name = Main.storyboard;
			sourceTree = "<group>";
		};
		F5D8C2501C22058100250FAE /* LaunchScreen.storyboard */ = {
			isa = PBXVariantGroup;
			children = (
				F5D8C2511C22058100250FAE /* Base */,
			);
			name = LaunchScreen.storyboard;
			sourceTree = "<group>";
		};
/* End PBXVariantGroup section */

/* Begin XCBuildConfiguration section */
		F5D8C2541C22058100250FAE /* Debug */ = {
			isa = XCBuildConfiguration;
			buildSettings = {
				ALWAYS_SEARCH_USER_PATHS = NO;
				CLANG_CXX_LANGUAGE_STANDARD = "gnu++0x";
				CLANG_CXX_LIBRARY = "libc++";
				CLANG_ENABLE_MODULES = YES;
				CLANG_ENABLE_OBJC_ARC = YES;
				CLANG_WARN_BOOL_CONVERSION = YES;
				CLANG_WARN_CONSTANT_CONVERSION = YES;
				CLANG_WARN_DIRECT_OBJC_ISA_USAGE = YES_ERROR;
				CLANG_WARN_EMPTY_BODY = YES;
				CLANG_WARN_ENUM_CONVERSION = YES;
				CLANG_WARN_INT_CONVERSION = YES;
				CLANG_WARN_OBJC_ROOT_CLASS = YES_ERROR;
				CLANG_WARN_UNREACHABLE_CODE = YES;
				CLANG_WARN__DUPLICATE_METHOD_MATCH = YES;
				"CODE_SIGN_IDENTITY[sdk=iphoneos*]" = "iPhone Developer";
				COPY_PHASE_STRIP = NO;
				DEBUG_INFORMATION_FORMAT = dwarf;
				ENABLE_STRICT_OBJC_MSGSEND = YES;
				ENABLE_TESTABILITY = YES;
				GCC_C_LANGUAGE_STANDARD = gnu99;
				GCC_DYNAMIC_NO_PIC = NO;
				GCC_NO_COMMON_BLOCKS = YES;
				GCC_OPTIMIZATION_LEVEL = 0;
				GCC_PREPROCESSOR_DEFINITIONS = (
					"DEBUG=1",
					"$(inherited)",
				);
				GCC_WARN_64_TO_32_BIT_CONVERSION = YES;
				GCC_WARN_ABOUT_RETURN_TYPE = YES_ERROR;
				GCC_WARN_UNDECLARED_SELECTOR = YES;
				GCC_WARN_UNINITIALIZED_AUTOS = YES_AGGRESSIVE;
				GCC_WARN_UNUSED_FUNCTION = YES;
				GCC_WARN_UNUSED_VARIABLE = YES;
				IPHONEOS_DEPLOYMENT_TARGET = 9.1;
				MTL_ENABLE_DEBUG_INFO = YES;
				ONLY_ACTIVE_ARCH = YES;
				SDKROOT = iphoneos;
				SWIFT_OPTIMIZATION_LEVEL = "-Onone";
			};
			name = Debug;
		};
		F5D8C2551C22058100250FAE /* Release */ = {
			isa = XCBuildConfiguration;
			buildSettings = {
				ALWAYS_SEARCH_USER_PATHS = NO;
				CLANG_CXX_LANGUAGE_STANDARD = "gnu++0x";
				CLANG_CXX_LIBRARY = "libc++";
				CLANG_ENABLE_MODULES = YES;
				CLANG_ENABLE_OBJC_ARC = YES;
				CLANG_WARN_BOOL_CONVERSION = YES;
				CLANG_WARN_CONSTANT_CONVERSION = YES;
				CLANG_WARN_DIRECT_OBJC_ISA_USAGE = YES_ERROR;
				CLANG_WARN_EMPTY_BODY = YES;
				CLANG_WARN_ENUM_CONVERSION = YES;
				CLANG_WARN_INT_CONVERSION = YES;
				CLANG_WARN_OBJC_ROOT_CLASS = YES_ERROR;
				CLANG_WARN_UNREACHABLE_CODE = YES;
				CLANG_WARN__DUPLICATE_METHOD_MATCH = YES;
				"CODE_SIGN_IDENTITY[sdk=iphoneos*]" = "iPhone Developer";
				COPY_PHASE_STRIP = NO;
				DEBUG_INFORMATION_FORMAT = "dwarf-with-dsym";
				ENABLE_NS_ASSERTIONS = NO;
				ENABLE_STRICT_OBJC_MSGSEND = YES;
				GCC_C_LANGUAGE_STANDARD = gnu99;
				GCC_NO_COMMON_BLOCKS = YES;
				GCC_WARN_64_TO_32_BIT_CONVERSION = YES;
				GCC_WARN_ABOUT_RETURN_TYPE = YES_ERROR;
				GCC_WARN_UNDECLARED_SELECTOR = YES;
				GCC_WARN_UNINITIALIZED_AUTOS = YES_AGGRESSIVE;
				GCC_WARN_UNUSED_FUNCTION = YES;
				GCC_WARN_UNUSED_VARIABLE = YES;
				IPHONEOS_DEPLOYMENT_TARGET = 9.1;
				MTL_ENABLE_DEBUG_INFO = NO;
				SDKROOT = iphoneos;
				VALIDATE_PRODUCT = YES;
			};
			name = Release;
		};
		F5D8C2571C22058100250FAE /* Debug */ = {
			isa = XCBuildConfiguration;
			buildSettings = {
				ASSETCATALOG_COMPILER_APPICON_NAME = AppIcon;
				INFOPLIST_FILE = TIPPY/Info.plist;
				LD_RUNPATH_SEARCH_PATHS = "$(inherited) @executable_path/Frameworks";
				PRODUCT_BUNDLE_IDENTIFIER = mit.TIPPY;
				PRODUCT_NAME = "$(TARGET_NAME)";
			};
			name = Debug;
		};
		F5D8C2581C22058100250FAE /* Release */ = {
			isa = XCBuildConfiguration;
			buildSettings = {
				ASSETCATALOG_COMPILER_APPICON_NAME = AppIcon;
				INFOPLIST_FILE = TIPPY/Info.plist;
				LD_RUNPATH_SEARCH_PATHS = "$(inherited) @executable_path/Frameworks";
				PRODUCT_BUNDLE_IDENTIFIER = mit.TIPPY;
				PRODUCT_NAME = "$(TARGET_NAME)";
			};
			name = Release;
		};
/* End XCBuildConfiguration section */

/* Begin XCConfigurationList section */
		F5D8C23F1C22058100250FAE /* Build configuration list for PBXProject "TIPPY" */ = {
			isa = XCConfigurationList;
			buildConfigurations = (
				F5D8C2541C22058100250FAE /* Debug */,
				F5D8C2551C22058100250FAE /* Release */,
			);
			defaultConfigurationIsVisible = 0;
			defaultConfigurationName = Release;
		};
		F5D8C2561C22058100250FAE /* Build configuration list for PBXNativeTarget "TIPPY" */ = {
			isa = XCConfigurationList;
			buildConfigurations = (
				F5D8C2571C22058100250FAE /* Debug */,
				F5D8C2581C22058100250FAE /* Release */,
			);
			defaultConfigurationIsVisible = 0;
			defaultConfigurationName = Release;
		};
/* End XCConfigurationList section */
	};
	rootObject = F5D8C23C1C22058100250FAE /* Project object */;
}
